
Microsoft Visual Studio Solution File, Format Version 12.00
# Visual Studio Version 16
VisualStudioVersion = 16.0.29424.173
MinimumVisualStudioVersion = 10.0.40219.1
Project("{FAE04EC0-301F-11D3-BF4B-00C04F79EFBC}") = "11lab", "11lab\11lab.csproj", "{A15F86FB-D7CC-42B6-A95E-43BE1D6BCA5B}"
EndProject
Global
	GlobalSection(SolutionConfigurationPlatforms) = preSolution
		Debug|Any CPU = Debug|Any CPU
		Release|Any CPU = Release|Any CPU
	EndGlobalSection
	GlobalSection(ProjectConfigurationPlatforms) = postSolution
		{A15F86FB-D7CC-42B6-A95E-43BE1D6BCA5B}.Debug|Any CPU.ActiveCfg = Debug|Any CPU
		{A15F86FB-D7CC-42B6-A95E-43BE1D6BCA5B}.Debug|Any CPU.Build.0 = Debug|Any CPU
		{A15F86FB-D7CC-42B6-A95E-43BE1D6BCA5B}.Release|Any CPU.ActiveCfg = Release|Any CPU
		{A15F86FB-D7CC-42B6-A95E-43BE1D6BCA5B}.Release|Any CPU.Build.0 = Release|Any CPU
	EndGlobalSection
	GlobalSection(SolutionProperties) = preSolution
		HideSolutionNode = FALSE
	EndGlobalSection
	GlobalSection(ExtensibilityGlobals) = postSolution
		SolutionGuid = {81EBF328-4451-48C2-B265-17DD5BC83492}
	EndGlobalSection
EndGlobal
