
Microsoft Visual Studio Solution File, Format Version 12.00
# Visual Studio Version 16
VisualStudioVersion = 16.0.29424.173
MinimumVisualStudioVersion = 10.0.40219.1
Project("{FAE04EC0-301F-11D3-BF4B-00C04F79EFBC}") = "10lab", "10lab\10lab.csproj", "{DECB46E4-2747-4A7D-B1BB-1F690F40241F}"
EndProject
Global
	GlobalSection(SolutionConfigurationPlatforms) = preSolution
		Debug|Any CPU = Debug|Any CPU
		Release|Any CPU = Release|Any CPU
	EndGlobalSection
	GlobalSection(ProjectConfigurationPlatforms) = postSolution
		{DECB46E4-2747-4A7D-B1BB-1F690F40241F}.Debug|Any CPU.ActiveCfg = Debug|Any CPU
		{DECB46E4-2747-4A7D-B1BB-1F690F40241F}.Debug|Any CPU.Build.0 = Debug|Any CPU
		{DECB46E4-2747-4A7D-B1BB-1F690F40241F}.Release|Any CPU.ActiveCfg = Release|Any CPU
		{DECB46E4-2747-4A7D-B1BB-1F690F40241F}.Release|Any CPU.Build.0 = Release|Any CPU
	EndGlobalSection
	GlobalSection(SolutionProperties) = preSolution
		HideSolutionNode = FALSE
	EndGlobalSection
	GlobalSection(ExtensibilityGlobals) = postSolution
		SolutionGuid = {DF83831F-7A11-4B24-B8E9-D9EAD17F34A2}
	EndGlobalSection
EndGlobal
