
Microsoft Visual Studio Solution File, Format Version 12.00
# Visual Studio Version 16
VisualStudioVersion = 16.0.29424.173
MinimumVisualStudioVersion = 10.0.40219.1
Project("{FAE04EC0-301F-11D3-BF4B-00C04F79EFBC}") = "FilesTask", "FilesTask\FilesTask.csproj", "{A26A6296-8434-46B3-8DD9-6BDDE7D72D2C}"
EndProject
Global
	GlobalSection(SolutionConfigurationPlatforms) = preSolution
		Debug|Any CPU = Debug|Any CPU
		Release|Any CPU = Release|Any CPU
	EndGlobalSection
	GlobalSection(ProjectConfigurationPlatforms) = postSolution
		{A26A6296-8434-46B3-8DD9-6BDDE7D72D2C}.Debug|Any CPU.ActiveCfg = Debug|Any CPU
		{A26A6296-8434-46B3-8DD9-6BDDE7D72D2C}.Debug|Any CPU.Build.0 = Debug|Any CPU
		{A26A6296-8434-46B3-8DD9-6BDDE7D72D2C}.Release|Any CPU.ActiveCfg = Release|Any CPU
		{A26A6296-8434-46B3-8DD9-6BDDE7D72D2C}.Release|Any CPU.Build.0 = Release|Any CPU
	EndGlobalSection
	GlobalSection(SolutionProperties) = preSolution
		HideSolutionNode = FALSE
	EndGlobalSection
	GlobalSection(ExtensibilityGlobals) = postSolution
		SolutionGuid = {DA456378-5DBD-4569-805D-FB4DA88D04A7}
	EndGlobalSection
EndGlobal
