
Microsoft Visual Studio Solution File, Format Version 12.00
# Visual Studio Version 16
VisualStudioVersion = 16.0.29215.179
MinimumVisualStudioVersion = 10.0.40219.1
Project("{FAE04EC0-301F-11D3-BF4B-00C04F79EFBC}") = "4lab additional", "4lab additional\4lab additional.csproj", "{AF6C045A-358A-4DA8-B29A-C86DA7C45B0C}"
EndProject
Global
	GlobalSection(SolutionConfigurationPlatforms) = preSolution
		Debug|Any CPU = Debug|Any CPU
		Release|Any CPU = Release|Any CPU
	EndGlobalSection
	GlobalSection(ProjectConfigurationPlatforms) = postSolution
		{AF6C045A-358A-4DA8-B29A-C86DA7C45B0C}.Debug|Any CPU.ActiveCfg = Debug|Any CPU
		{AF6C045A-358A-4DA8-B29A-C86DA7C45B0C}.Debug|Any CPU.Build.0 = Debug|Any CPU
		{AF6C045A-358A-4DA8-B29A-C86DA7C45B0C}.Release|Any CPU.ActiveCfg = Release|Any CPU
		{AF6C045A-358A-4DA8-B29A-C86DA7C45B0C}.Release|Any CPU.Build.0 = Release|Any CPU
	EndGlobalSection
	GlobalSection(SolutionProperties) = preSolution
		HideSolutionNode = FALSE
	EndGlobalSection
	GlobalSection(ExtensibilityGlobals) = postSolution
		SolutionGuid = {8B2B745E-D9DB-450A-A5FD-41401E59312C}
	EndGlobalSection
EndGlobal
